<?xml version="1.0" encoding="utf-8"?>
<Project ToolsVersion="4.0" xmlns="http://schemas.microsoft.com/developer/msbuild/2003">
  <ItemGroup>
    <Filter Include="Source Files">
      <UniqueIdentifier>{4FC737F1-C7A5-4376-A066-2A32D752A2FF}</UniqueIdentifier>
      <Extensions>cpp;c;cc;cxx;def;odl;idl;hpj;bat;asm;asmx</Extensions>
    </Filter>
    <Filter Include="Header Files">
      <UniqueIdentifier>{93995380-89BD-4b04-88EB-625FBE52EBFB}</UniqueIdentifier>
      <Extensions>h;hh;hpp;hxx;hm;inl;inc;xsd</Extensions>
    </Filter>
    <Filter Include="Resource Files">
      <UniqueIdentifier>{67DA6AB6-F800-4c08-8B7A-83BB121AAD01}</UniqueIdentifier>
      <Extensions>rc;ico;cur;bmp;dlg;rc2;rct;bin;rgs;gif;jpg;jpeg;jpe;resx;tiff;tif;png;wav;mfcribbon-ms</Extensions>
    </Filter>
    <Filter Include="Header Files\Misc">
      <UniqueIdentifier>{41c9c4bb-062c-401a-aa52-6cffef8b0ee9}</UniqueIdentifier>
    </Filter>
    <Filter Include="Source Files\Misc">
      <UniqueIdentifier>{46c188a1-5d59-427d-8053-947f0e19ff6a}</UniqueIdentifier>
    </Filter>
    <Filter Include="Misc Files">
      <UniqueIdentifier>{7b813d35-23c1-41cf-86ef-4954d9e12123}</UniqueIdentifier>
    </Filter>
  </ItemGroup>
  <ItemGroup>
    <ClInclude Include="PEReadWrite.h">
      <Filter>Header Files</Filter>
    </ClInclude>
    <ClInclude Include="PEPropPageExt.h">
      <Filter>Header Files</Filter>
    </ClInclude>
    <ClInclude Include="PropertyPageHandler.h">
      <Filter>Header Files</Filter>
    </ClInclude>
    <ClInclude Include="unique_handle.h">
      <Filter>Header Files\Misc</Filter>
    </ClInclude>
    <ClInclude Include="Settings.h">
      <Filter>Header Files</Filter>
    </ClInclude>
    <ClInclude Include="CommonDefs.h">
      <Filter>Header Files\Misc</Filter>
    </ClInclude>
    <ClInclude Include="CustomCodeViewDefs.h">
      <Filter>Header Files\Misc</Filter>
    </ClInclude>
    <ClInclude Include="CustomCorDefs.h">
      <Filter>Header Files\Misc</Filter>
    </ClInclude>
    <ClInclude Include="MiscFuncs.h">
      <Filter>Header Files\Misc</Filter>
    </ClInclude>
    <ClInclude Include="RTTI.h">
      <Filter>Header Files</Filter>
    </ClInclude>
    <ClInclude Include="stdafx.h">
      <Filter>Header Files\Misc</Filter>
    </ClInclude>
    <ClInclude Include="targetver.h">
      <Filter>Header Files\Misc</Filter>
    </ClInclude>
    <ClInclude Include="SimpleLayoutManager.h">
      <Filter>Header Files\Misc</Filter>
    </ClInclude>
    <ClInclude Include="cxxabi.h">
      <Filter>Header Files\Misc</Filter>
    </ClInclude>
    <ClInclude Include="resource.h">
      <Filter>Header Files\Misc</Filter>
    </ClInclude>
    <ClInclude Include="ManagedFuncs.h">
      <Filter>Header Files\Misc</Filter>
    </ClInclude>
    <ClInclude Include="ImageToHBITMAP.h">
      <Filter>Header Files\Misc</Filter>
    </ClInclude>
    <ClInclude Include="PictureBoxControl.h">
      <Filter>Header Files\Misc</Filter>
    </ClInclude>
    <ClInclude Include="CWindow.h">
      <Filter>Header Files\Misc</Filter>
    </ClInclude>
    <ClInclude Include="AnimationControl.h">
      <Filter>Header Files\Misc</Filter>
    </ClInclude>
    <ClInclude Include="EditControl.h">
      <Filter>Header Files\Misc</Filter>
    </ClInclude>
    <ClInclude Include="DialogControl.h">
      <Filter>Header Files\Misc</Filter>
    </ClInclude>
    <ClInclude Include="IconControl.h">
      <Filter>Header Files\Misc</Filter>
    </ClInclude>
  </ItemGroup>
  <ItemGroup>
    <ClCompile Include="PEPropPageExt.cpp">
      <Filter>Source Files</Filter>
    </ClCompile>
    <ClCompile Include="PropertyPageHandler.cpp">
      <Filter>Source Files</Filter>
    </ClCompile>
    <ClCompile Include="PropertyPageHandler_BaseReloc.cpp">
      <Filter>Source Files</Filter>
    </ClCompile>
    <ClCompile Include="PropertyPageHandler_CLR.cpp">
      <Filter>Source Files</Filter>
    </ClCompile>
    <ClCompile Include="PropertyPageHandler_Debug.cpp">
      <Filter>Source Files</Filter>
    </ClCompile>
    <ClCompile Include="PropertyPageHandler_ExceptionHandling.cpp">
      <Filter>Source Files</Filter>
    </ClCompile>
    <ClCompile Include="PropertyPageHandler_Exports.cpp">
      <Filter>Source Files</Filter>
    </ClCompile>
    <ClCompile Include="PropertyPageHandler_Imports.cpp">
      <Filter>Source Files</Filter>
    </ClCompile>
    <ClCompile Include="PropertyPageHandler_LoadConfiguration.cpp">
      <Filter>Source Files</Filter>
    </ClCompile>
    <ClCompile Include="PropertyPageHandler_Manifest.cpp">
      <Filter>Source Files</Filter>
    </ClCompile>
    <ClCompile Include="PropertyPageHandler_MSDOSHeader.cpp">
      <Filter>Source Files</Filter>
    </ClCompile>
    <ClCompile Include="PropertyPageHandler_Overview.cpp">
      <Filter>Source Files</Filter>
    </ClCompile>
    <ClCompile Include="PropertyPageHandler_PEHeaders.cpp">
      <Filter>Source Files</Filter>
    </ClCompile>
    <ClCompile Include="PropertyPageHandler_Resources.cpp">
      <Filter>Source Files</Filter>
    </ClCompile>
    <ClCompile Include="PropertyPageHandler_Sections.cpp">
      <Filter>Source Files</Filter>
    </ClCompile>
    <ClCompile Include="PropertyPageHandler_TLS.cpp">
      <Filter>Source Files</Filter>
    </ClCompile>
    <ClCompile Include="PropertyPageHandler_Tools.cpp">
      <Filter>Source Files</Filter>
    </ClCompile>
    <ClCompile Include="cxxabi.cpp">
      <Filter>Source Files\Misc</Filter>
    </ClCompile>
    <ClCompile Include="dllmain.cpp">
      <Filter>Source Files\Misc</Filter>
    </ClCompile>
    <ClCompile Include="MiscFuncs.cpp">
      <Filter>Source Files\Misc</Filter>
    </ClCompile>
    <ClCompile Include="SimpleLayoutManager.cpp">
      <Filter>Source Files\Misc</Filter>
    </ClCompile>
    <ClCompile Include="stdafx.cpp">
      <Filter>Source Files\Misc</Filter>
    </ClCompile>
    <ClCompile Include="ManagedFuncs.cpp">
      <Filter>Source Files\Misc</Filter>
    </ClCompile>
    <ClCompile Include="ImageToHBITMAP.cpp">
      <Filter>Source Files\Misc</Filter>
    </ClCompile>
    <ClCompile Include="PictureBoxControl.cpp">
      <Filter>Source Files\Misc</Filter>
    </ClCompile>
    <ClCompile Include="AnimationControl.cpp">
      <Filter>Source Files\Misc</Filter>
    </ClCompile>
    <ClCompile Include="EditControl.cpp">
      <Filter>Source Files\Misc</Filter>
    </ClCompile>
    <ClCompile Include="DialogControl.cpp">
      <Filter>Source Files\Misc</Filter>
    </ClCompile>
    <ClCompile Include="IconControl.cpp">
      <Filter>Source Files\Misc</Filter>
    </ClCompile>
  </ItemGroup>
  <ItemGroup>
    <ResourceCompile Include="Resources.rc">
      <Filter>Resource Files</Filter>
    </ResourceCompile>
  </ItemGroup>
  <ItemGroup>
    <None Include="Exports.def">
      <Filter>Misc Files</Filter>
    </None>
    <None Include="Resources\Scripts\RegistrationScript.rgs">
      <Filter>Resource Files</Filter>
    </None>
  </ItemGroup>
  <ItemGroup>
    <Manifest Include="Resources\Manifest\PEPropPageExt.manifest">
      <Filter>Misc Files</Filter>
    </Manifest>
  </ItemGroup>
  <ItemGroup>
    <Image Include="Resources\Images\iconPropertyPage.ico">
      <Filter>Resource Files</Filter>
    </Image>
  </ItemGroup>
  <ItemGroup>
    <Text Include="README.txt" />
  </ItemGroup>
</Project>